{
  "name": "universal-data",
  "version": "1.0.0",
  "lockfileVersion": 2,
  "requires": true,
  "packages": {
    "": {
      "name": "universal-data",
      "version": "1.0.0",
      "license": "ISC",
      "dependencies": {
        "swagger-axios-codegen": "^0.13.3"
      }
    },
    "node_modules/@types/minimatch": {
      "version": "3.0.5",
      "resolved": "https://registry.npmjs.org/@types/minimatch/-/minimatch-3.0.5.tgz",
      "integrity": "sha512-Klz949h02Gz2uZCMGwDUSDS1YBlTdDDgbWHi+81l29tQALUtvz4rAYi5uoVhE5Lagoq6DeqAUlbrHvW/mXDgdQ=="
    },
    "node_modules/array-differ": {
      "version": "3.0.0",
      "resolved": "https://registry.npmjs.org/array-differ/-/array-differ-3.0.0.tgz",
      "integrity": "sha512-THtfYS6KtME/yIAhKjZ2ul7XI96lQGHRputJQHO80LAWQnuGP4iCIN8vdMRboGbIEYBwU33q8Tch1os2+X0kMg==",
      "engines": {
        "node": ">=8"
      }
    },
    "node_modules/array-union": {
      "version": "2.1.0",
      "resolved": "https://registry.npmjs.org/array-union/-/array-union-2.1.0.tgz",
      "integrity": "sha512-HGyxoOTYUyCM6stUe6EJgnd4EoewAI7zMdfqO+kGjnlZmBDz/cR5pf8r/cR4Wq60sL/p0IkcjUEEPwS3GFrIyw==",
      "engines": {
        "node": ">=8"
      }
    },
    "node_modules/arrify": {
      "version": "2.0.1",
      "resolved": "https://registry.npmjs.org/arrify/-/arrify-2.0.1.tgz",
      "integrity": "sha512-3duEwti880xqi4eAMN8AyR4a0ByT90zoYdLlevfrvU43vb0YZwZVfxOgxWrLXXXpyugL0hNZc9G6BiB5B3nUug==",
      "engines": {
        "node": ">=8"
      }
    },
    "node_modules/axios": {
      "version": "0.21.4",
      "resolved": "https://registry.npmjs.org/axios/-/axios-0.21.4.tgz",
      "integrity": "sha512-ut5vewkiu8jjGBdqpM44XxjuCjq9LAKeHVmoVfHVzy8eHgxxq8SbAVQNovDA8mVi05kP0Ea/n/UzcSHcTJQfNg==",
      "dependencies": {
        "follow-redirects": "^1.14.0"
      }
    },
    "node_modules/balanced-match": {
      "version": "1.0.2",
      "resolved": "https://registry.npmjs.org/balanced-match/-/balanced-match-1.0.2.tgz",
      "integrity": "sha512-3oSeUO0TMV67hN1AmbXsK4yaqU7tjiHlbxRDZOpH0KW9+CeX4bRAaX0Anxt0tx2MrpRpWwQaPwIlISEJhYU5Pw=="
    },
    "node_modules/brace-expansion": {
      "version": "1.1.11",
      "resolved": "https://registry.npmjs.org/brace-expansion/-/brace-expansion-1.1.11.tgz",
      "integrity": "sha512-iCuPHDFgrHX7H2vEI/5xpz07zSHB00TpugqhmYtVmMO6518mCuRMoOYFldEBl0g187ufozdaHgWKcYFb61qGiA==",
      "dependencies": {
        "balanced-match": "^1.0.0",
        "concat-map": "0.0.1"
      }
    },
    "node_modules/camelcase": {
      "version": "5.3.1",
      "resolved": "https://registry.npmjs.org/camelcase/-/camelcase-5.3.1.tgz",
      "integrity": "sha512-L28STB170nwWS63UjtlEOE3dldQApaJXZkOI1uMFfzf3rRuPegHaHesyee+YxQ+W6SvRDQV6UrdOdRiR153wJg==",
      "engines": {
        "node": ">=6"
      }
    },
    "node_modules/concat-map": {
      "version": "0.0.1",
      "resolved": "https://registry.npmjs.org/concat-map/-/concat-map-0.0.1.tgz",
      "integrity": "sha512-/Srv4dswyQNBfohGpz9o6Yb3Gz3SrUDqBH5rTuhGR7ahtlbYKnVxw2bCFMRljaA7EXHaXZ8wsHdodFvbkhKmqg=="
    },
    "node_modules/follow-redirects": {
      "version": "1.15.1",
      "resolved": "https://registry.npmjs.org/follow-redirects/-/follow-redirects-1.15.1.tgz",
      "integrity": "sha512-yLAMQs+k0b2m7cVxpS1VKJVvoz7SS9Td1zss3XRwXj+ZDH00RJgnuLx7E44wx02kQLrdM3aOOy+FpzS7+8OizA==",
      "funding": [
        {
          "type": "individual",
          "url": "https://github.com/sponsors/RubenVerborgh"
        }
      ],
      "engines": {
        "node": ">=4.0"
      },
      "peerDependenciesMeta": {
        "debug": {
          "optional": true
        }
      }
    },
    "node_modules/minimatch": {
      "version": "3.1.2",
      "resolved": "https://registry.npmjs.org/minimatch/-/minimatch-3.1.2.tgz",
      "integrity": "sha512-J7p63hRiAjw1NDEww1W7i37+ByIrOWO5XQQAzZ3VOcL0PNybwpfmV/N05zFAzwQ9USyEcX6t3UO+K5aqBQOIHw==",
      "dependencies": {
        "brace-expansion": "^1.1.7"
      },
      "engines": {
        "node": "*"
      }
    },
    "node_modules/multimatch": {
      "version": "4.0.0",
      "resolved": "https://registry.npmjs.org/multimatch/-/multimatch-4.0.0.tgz",
      "integrity": "sha512-lDmx79y1z6i7RNx0ZGCPq1bzJ6ZoDDKbvh7jxr9SJcWLkShMzXrHbYVpTdnhNM5MXpDUxCQ4DgqVttVXlBgiBQ==",
      "dependencies": {
        "@types/minimatch": "^3.0.3",
        "array-differ": "^3.0.0",
        "array-union": "^2.1.0",
        "arrify": "^2.0.1",
        "minimatch": "^3.0.4"
      },
      "engines": {
        "node": ">=8"
      }
    },
    "node_modules/pascalcase": {
      "version": "0.1.1",
      "resolved": "https://registry.npmjs.org/pascalcase/-/pascalcase-0.1.1.tgz",
      "integrity": "sha512-XHXfu/yOQRy9vYOtUDVMN60OEJjW013GoObG1o+xwQTpB9eYJX/BjXMsdW13ZDPruFhYYn0AG22w0xgQMwl3Nw==",
      "engines": {
        "node": ">=0.10.0"
      }
    },
    "node_modules/prettier": {
      "version": "1.19.1",
      "resolved": "https://registry.npmjs.org/prettier/-/prettier-1.19.1.tgz",
      "integrity": "sha512-s7PoyDv/II1ObgQunCbB9PdLmUcBZcnWOcxDh7O0N/UwDEsHyqkW+Qh28jW+mVuCdx7gLB0BotYI1Y6uI9iyew==",
      "bin": {
        "prettier": "bin-prettier.js"
      },
      "engines": {
        "node": ">=4"
      }
    },
    "node_modules/structured-log": {
      "version": "0.2.0",
      "resolved": "https://registry.npmjs.org/structured-log/-/structured-log-0.2.0.tgz",
      "integrity": "sha512-W3Tps8PN5Mon37955/wuZZSXwBXiB52AUnd/oPVdmo+O+mLkr2fNajV6821gJ8irrgVQx3gYOqSWPMgj7Dy3Yg=="
    },
    "node_modules/swagger-axios-codegen": {
      "version": "0.13.3",
      "resolved": "https://registry.npmjs.org/swagger-axios-codegen/-/swagger-axios-codegen-0.13.3.tgz",
      "integrity": "sha512-3wNoZfRV55xcC5Op4umGyHXlExgfYUOntd4TtqD1BHITjyX8Oi/IEYI/1iFLupIPtirol5o9/0X+h1Pe5jqgYw==",
      "dependencies": {
        "axios": "^0.21.2",
        "camelcase": "^5.0.0",
        "multimatch": "^4.0.0",
        "pascalcase": "^0.1.1",
        "prettier": "^1.15.2",
        "structured-log": "^0.2.0"
      }
    }
  },
  "dependencies": {
    "@types/minimatch": {
      "version": "3.0.5",
      "resolved": "https://registry.npmjs.org/@types/minimatch/-/minimatch-3.0.5.tgz",
      "integrity": "sha512-Klz949h02Gz2uZCMGwDUSDS1YBlTdDDgbWHi+81l29tQALUtvz4rAYi5uoVhE5Lagoq6DeqAUlbrHvW/mXDgdQ=="
    },
    "array-differ": {
      "version": "3.0.0",
      "resolved": "https://registry.npmjs.org/array-differ/-/array-differ-3.0.0.tgz",
      "integrity": "sha512-THtfYS6KtME/yIAhKjZ2ul7XI96lQGHRputJQHO80LAWQnuGP4iCIN8vdMRboGbIEYBwU33q8Tch1os2+X0kMg=="
    },
    "array-union": {
      "version": "2.1.0",
      "resolved": "https://registry.npmjs.org/array-union/-/array-union-2.1.0.tgz",
      "integrity": "sha512-HGyxoOTYUyCM6stUe6EJgnd4EoewAI7zMdfqO+kGjnlZmBDz/cR5pf8r/cR4Wq60sL/p0IkcjUEEPwS3GFrIyw=="
    },
    "arrify": {
      "version": "2.0.1",
      "resolved": "https://registry.npmjs.org/arrify/-/arrify-2.0.1.tgz",
      "integrity": "sha512-3duEwti880xqi4eAMN8AyR4a0ByT90zoYdLlevfrvU43vb0YZwZVfxOgxWrLXXXpyugL0hNZc9G6BiB5B3nUug=="
    },
    "axios": {
      "version": "0.21.4",
      "resolved": "https://registry.npmjs.org/axios/-/axios-0.21.4.tgz",
      "integrity": "sha512-ut5vewkiu8jjGBdqpM44XxjuCjq9LAKeHVmoVfHVzy8eHgxxq8SbAVQNovDA8mVi05kP0Ea/n/UzcSHcTJQfNg==",
      "requires": {
        "follow-redirects": "^1.14.0"
      }
    },
    "balanced-match": {
      "version": "1.0.2",
      "resolved": "https://registry.npmjs.org/balanced-match/-/balanced-match-1.0.2.tgz",
      "integrity": "sha512-3oSeUO0TMV67hN1AmbXsK4yaqU7tjiHlbxRDZOpH0KW9+CeX4bRAaX0Anxt0tx2MrpRpWwQaPwIlISEJhYU5Pw=="
    },
    "brace-expansion": {
      "version": "1.1.11",
      "resolved": "https://registry.npmjs.org/brace-expansion/-/brace-expansion-1.1.11.tgz",
      "integrity": "sha512-iCuPHDFgrHX7H2vEI/5xpz07zSHB00TpugqhmYtVmMO6518mCuRMoOYFldEBl0g187ufozdaHgWKcYFb61qGiA==",
      "requires": {
        "balanced-match": "^1.0.0",
        "concat-map": "0.0.1"
      }
    },
    "camelcase": {
      "version": "5.3.1",
      "resolved": "https://registry.npmjs.org/camelcase/-/camelcase-5.3.1.tgz",
      "integrity": "sha512-L28STB170nwWS63UjtlEOE3dldQApaJXZkOI1uMFfzf3rRuPegHaHesyee+YxQ+W6SvRDQV6UrdOdRiR153wJg=="
    },
    "concat-map": {
      "version": "0.0.1",
      "resolved": "https://registry.npmjs.org/concat-map/-/concat-map-0.0.1.tgz",
      "integrity": "sha512-/Srv4dswyQNBfohGpz9o6Yb3Gz3SrUDqBH5rTuhGR7ahtlbYKnVxw2bCFMRljaA7EXHaXZ8wsHdodFvbkhKmqg=="
    },
    "follow-redirects": {
      "version": "1.15.1",
      "resolved": "https://registry.npmjs.org/follow-redirects/-/follow-redirects-1.15.1.tgz",
      "integrity": "sha512-yLAMQs+k0b2m7cVxpS1VKJVvoz7SS9Td1zss3XRwXj+ZDH00RJgnuLx7E44wx02kQLrdM3aOOy+FpzS7+8OizA=="
    },
    "minimatch": {
      "version": "3.1.2",
      "resolved": "https://registry.npmjs.org/minimatch/-/minimatch-3.1.2.tgz",
      "integrity": "sha512-J7p63hRiAjw1NDEww1W7i37+ByIrOWO5XQQAzZ3VOcL0PNybwpfmV/N05zFAzwQ9USyEcX6t3UO+K5aqBQOIHw==",
      "requires": {
        "brace-expansion": "^1.1.7"
      }
    },
    "multimatch": {
      "version": "4.0.0",
      "resolved": "https://registry.npmjs.org/multimatch/-/multimatch-4.0.0.tgz",
      "integrity": "sha512-lDmx79y1z6i7RNx0ZGCPq1bzJ6ZoDDKbvh7jxr9SJcWLkShMzXrHbYVpTdnhNM5MXpDUxCQ4DgqVttVXlBgiBQ==",
      "requires": {
        "@types/minimatch": "^3.0.3",
        "array-differ": "^3.0.0",
        "array-union": "^2.1.0",
        "arrify": "^2.0.1",
        "minimatch": "^3.0.4"
      }
    },
    "pascalcase": {
      "version": "0.1.1",
      "resolved": "https://registry.npmjs.org/pascalcase/-/pascalcase-0.1.1.tgz",
      "integrity": "sha512-XHXfu/yOQRy9vYOtUDVMN60OEJjW013GoObG1o+xwQTpB9eYJX/BjXMsdW13ZDPruFhYYn0AG22w0xgQMwl3Nw=="
    },
    "prettier": {
      "version": "1.19.1",
      "resolved": "https://registry.npmjs.org/prettier/-/prettier-1.19.1.tgz",
      "integrity": "sha512-s7PoyDv/II1ObgQunCbB9PdLmUcBZcnWOcxDh7O0N/UwDEsHyqkW+Qh28jW+mVuCdx7gLB0BotYI1Y6uI9iyew=="
    },
    "structured-log": {
      "version": "0.2.0",
      "resolved": "https://registry.npmjs.org/structured-log/-/structured-log-0.2.0.tgz",
      "integrity": "sha512-W3Tps8PN5Mon37955/wuZZSXwBXiB52AUnd/oPVdmo+O+mLkr2fNajV6821gJ8irrgVQx3gYOqSWPMgj7Dy3Yg=="
    },
    "swagger-axios-codegen": {
      "version": "0.13.3",
      "resolved": "https://registry.npmjs.org/swagger-axios-codegen/-/swagger-axios-codegen-0.13.3.tgz",
      "integrity": "sha512-3wNoZfRV55xcC5Op4umGyHXlExgfYUOntd4TtqD1BHITjyX8Oi/IEYI/1iFLupIPtirol5o9/0X+h1Pe5jqgYw==",
      "requires": {
        "axios": "^0.21.2",
        "camelcase": "^5.0.0",
        "multimatch": "^4.0.0",
        "pascalcase": "^0.1.1",
        "prettier": "^1.15.2",
        "structured-log": "^0.2.0"
      }
    }
  }
}
